
Microsoft Visual Studio Solution File, Format Version 12.00
# Visual Studio Version 17
VisualStudioVersion = 17.0.31410.414
MinimumVisualStudioVersion = 10.0.40219.1
Project("{2150E333-8FDC-42A3-9474-1A3956D46DE8}") = "src", "src", "{6C7E5914-CD6B-40F1-BFD7-8FB17E3EAE11}"
EndProject
Project("{2150E333-8FDC-42A3-9474-1A3956D46DE8}") = "test", "test", "{9D50B35B-1EAA-4620-B0A6-245456051247}"
EndProject
Project("{9A19103F-16F7-4668-BE54-9A1E7A4F7556}") = "YS.Knife.Aws", "src\YS.Knife.Aws\YS.Knife.Aws.csproj", "{71AD840E-F78A-48E3-9177-70568B05F952}"
EndProject
Project("{9A19103F-16F7-4668-BE54-9A1E7A4F7556}") = "YS.Knife.Aws.DynamoDB", "src\YS.Knife.Aws.DynamoDB\YS.Knife.Aws.DynamoDB.csproj", "{9B9D380F-2BCD-48BA-8505-A881AF8BB1E7}"
EndProject
Project("{9A19103F-16F7-4668-BE54-9A1E7A4F7556}") = "YS.Knife.Aws.Kms", "src\YS.Knife.Aws.Kms\YS.Knife.Aws.Kms.csproj", "{7F7D8894-7C18-48C5-B37B-6C58FA30579C}"
EndProject
Project("{9A19103F-16F7-4668-BE54-9A1E7A4F7556}") = "YS.Knife.Aws.S3", "src\YS.Knife.Aws.S3\YS.Knife.Aws.S3.csproj", "{F1377B15-6EFD-4647-8266-1A2FC4B74410}"
EndProject
Global
	GlobalSection(SolutionConfigurationPlatforms) = preSolution
		Debug|Any CPU = Debug|Any CPU
		Release|Any CPU = Release|Any CPU
	EndGlobalSection
	GlobalSection(ProjectConfigurationPlatforms) = postSolution
		{71AD840E-F78A-48E3-9177-70568B05F952}.Debug|Any CPU.ActiveCfg = Debug|Any CPU
		{71AD840E-F78A-48E3-9177-70568B05F952}.Debug|Any CPU.Build.0 = Debug|Any CPU
		{71AD840E-F78A-48E3-9177-70568B05F952}.Release|Any CPU.ActiveCfg = Release|Any CPU
		{71AD840E-F78A-48E3-9177-70568B05F952}.Release|Any CPU.Build.0 = Release|Any CPU
		{9B9D380F-2BCD-48BA-8505-A881AF8BB1E7}.Debug|Any CPU.ActiveCfg = Debug|Any CPU
		{9B9D380F-2BCD-48BA-8505-A881AF8BB1E7}.Debug|Any CPU.Build.0 = Debug|Any CPU
		{9B9D380F-2BCD-48BA-8505-A881AF8BB1E7}.Release|Any CPU.ActiveCfg = Release|Any CPU
		{9B9D380F-2BCD-48BA-8505-A881AF8BB1E7}.Release|Any CPU.Build.0 = Release|Any CPU
		{7F7D8894-7C18-48C5-B37B-6C58FA30579C}.Debug|Any CPU.ActiveCfg = Debug|Any CPU
		{7F7D8894-7C18-48C5-B37B-6C58FA30579C}.Debug|Any CPU.Build.0 = Debug|Any CPU
		{7F7D8894-7C18-48C5-B37B-6C58FA30579C}.Release|Any CPU.ActiveCfg = Release|Any CPU
		{7F7D8894-7C18-48C5-B37B-6C58FA30579C}.Release|Any CPU.Build.0 = Release|Any CPU
		{F1377B15-6EFD-4647-8266-1A2FC4B74410}.Debug|Any CPU.ActiveCfg = Debug|Any CPU
		{F1377B15-6EFD-4647-8266-1A2FC4B74410}.Debug|Any CPU.Build.0 = Debug|Any CPU
		{F1377B15-6EFD-4647-8266-1A2FC4B74410}.Release|Any CPU.ActiveCfg = Release|Any CPU
		{F1377B15-6EFD-4647-8266-1A2FC4B74410}.Release|Any CPU.Build.0 = Release|Any CPU
	EndGlobalSection
	GlobalSection(SolutionProperties) = preSolution
		HideSolutionNode = FALSE
	EndGlobalSection
	GlobalSection(NestedProjects) = preSolution
		{71AD840E-F78A-48E3-9177-70568B05F952} = {6C7E5914-CD6B-40F1-BFD7-8FB17E3EAE11}
		{9B9D380F-2BCD-48BA-8505-A881AF8BB1E7} = {6C7E5914-CD6B-40F1-BFD7-8FB17E3EAE11}
		{7F7D8894-7C18-48C5-B37B-6C58FA30579C} = {6C7E5914-CD6B-40F1-BFD7-8FB17E3EAE11}
		{F1377B15-6EFD-4647-8266-1A2FC4B74410} = {6C7E5914-CD6B-40F1-BFD7-8FB17E3EAE11}
	EndGlobalSection
	GlobalSection(ExtensibilityGlobals) = postSolution
		SolutionGuid = {DB11BB21-3F5D-42D6-8737-F19C0666F1F8}
	EndGlobalSection
EndGlobal
